
Microsoft Visual Studio Solution File, Format Version 12.00
# Visual Studio Version 17
VisualStudioVersion = 17.0.31903.59
MinimumVisualStudioVersion = 10.0.40219.1
Project("{FAE04EC0-301F-11D3-BF4B-00C04F79EFBC}") = "frontend", "frontend\frontend.csproj", "{4E37A9BB-B5CF-4596-861B-2288CEB3761F}"
EndProject
Project("{FAE04EC0-301F-11D3-BF4B-00C04F79EFBC}") = "backend", "backend\backend.csproj", "{DCCCF406-60A1-4054-AC03-D30D6CE1A5E7}"
EndProject
Project("{FAE04EC0-301F-11D3-BF4B-00C04F79EFBC}") = "worker", "worker\worker.csproj", "{138C0572-F78B-4386-B331-9DECFF80AE2A}"
EndProject
Global
	GlobalSection(SolutionConfigurationPlatforms) = preSolution
		Debug|Any CPU = Debug|Any CPU
		Debug|x64 = Debug|x64
		Debug|x86 = Debug|x86
		Release|Any CPU = Release|Any CPU
		Release|x64 = Release|x64
		Release|x86 = Release|x86
	EndGlobalSection
	GlobalSection(ProjectConfigurationPlatforms) = postSolution
		{4E37A9BB-B5CF-4596-861B-2288CEB3761F}.Debug|Any CPU.ActiveCfg = Debug|Any CPU
		{4E37A9BB-B5CF-4596-861B-2288CEB3761F}.Debug|Any CPU.Build.0 = Debug|Any CPU
		{4E37A9BB-B5CF-4596-861B-2288CEB3761F}.Debug|x64.ActiveCfg = Debug|Any CPU
		{4E37A9BB-B5CF-4596-861B-2288CEB3761F}.Debug|x64.Build.0 = Debug|Any CPU
		{4E37A9BB-B5CF-4596-861B-2288CEB3761F}.Debug|x86.ActiveCfg = Debug|Any CPU
		{4E37A9BB-B5CF-4596-861B-2288CEB3761F}.Debug|x86.Build.0 = Debug|Any CPU
		{4E37A9BB-B5CF-4596-861B-2288CEB3761F}.Release|Any CPU.ActiveCfg = Release|Any CPU
		{4E37A9BB-B5CF-4596-861B-2288CEB3761F}.Release|Any CPU.Build.0 = Release|Any CPU
		{4E37A9BB-B5CF-4596-861B-2288CEB3761F}.Release|x64.ActiveCfg = Release|Any CPU
		{4E37A9BB-B5CF-4596-861B-2288CEB3761F}.Release|x64.Build.0 = Release|Any CPU
		{4E37A9BB-B5CF-4596-861B-2288CEB3761F}.Release|x86.ActiveCfg = Release|Any CPU
		{4E37A9BB-B5CF-4596-861B-2288CEB3761F}.Release|x86.Build.0 = Release|Any CPU
		{DCCCF406-60A1-4054-AC03-D30D6CE1A5E7}.Debug|Any CPU.ActiveCfg = Debug|Any CPU
		{DCCCF406-60A1-4054-AC03-D30D6CE1A5E7}.Debug|Any CPU.Build.0 = Debug|Any CPU
		{DCCCF406-60A1-4054-AC03-D30D6CE1A5E7}.Debug|x64.ActiveCfg = Debug|Any CPU
		{DCCCF406-60A1-4054-AC03-D30D6CE1A5E7}.Debug|x64.Build.0 = Debug|Any CPU
		{DCCCF406-60A1-4054-AC03-D30D6CE1A5E7}.Debug|x86.ActiveCfg = Debug|Any CPU
		{DCCCF406-60A1-4054-AC03-D30D6CE1A5E7}.Debug|x86.Build.0 = Debug|Any CPU
		{DCCCF406-60A1-4054-AC03-D30D6CE1A5E7}.Release|Any CPU.ActiveCfg = Release|Any CPU
		{DCCCF406-60A1-4054-AC03-D30D6CE1A5E7}.Release|Any CPU.Build.0 = Release|Any CPU
		{DCCCF406-60A1-4054-AC03-D30D6CE1A5E7}.Release|x64.ActiveCfg = Release|Any CPU
		{DCCCF406-60A1-4054-AC03-D30D6CE1A5E7}.Release|x64.Build.0 = Release|Any CPU
		{DCCCF406-60A1-4054-AC03-D30D6CE1A5E7}.Release|x86.ActiveCfg = Release|Any CPU
		{DCCCF406-60A1-4054-AC03-D30D6CE1A5E7}.Release|x86.Build.0 = Release|Any CPU
		{138C0572-F78B-4386-B331-9DECFF80AE2A}.Debug|Any CPU.ActiveCfg = Debug|Any CPU
		{138C0572-F78B-4386-B331-9DECFF80AE2A}.Debug|Any CPU.Build.0 = Debug|Any CPU
		{138C0572-F78B-4386-B331-9DECFF80AE2A}.Debug|x64.ActiveCfg = Debug|Any CPU
		{138C0572-F78B-4386-B331-9DECFF80AE2A}.Debug|x64.Build.0 = Debug|Any CPU
		{138C0572-F78B-4386-B331-9DECFF80AE2A}.Debug|x86.ActiveCfg = Debug|Any CPU
		{138C0572-F78B-4386-B331-9DECFF80AE2A}.Debug|x86.Build.0 = Debug|Any CPU
		{138C0572-F78B-4386-B331-9DECFF80AE2A}.Release|Any CPU.ActiveCfg = Release|Any CPU
		{138C0572-F78B-4386-B331-9DECFF80AE2A}.Release|Any CPU.Build.0 = Release|Any CPU
		{138C0572-F78B-4386-B331-9DECFF80AE2A}.Release|x64.ActiveCfg = Release|Any CPU
		{138C0572-F78B-4386-B331-9DECFF80AE2A}.Release|x64.Build.0 = Release|Any CPU
		{138C0572-F78B-4386-B331-9DECFF80AE2A}.Release|x86.ActiveCfg = Release|Any CPU
		{138C0572-F78B-4386-B331-9DECFF80AE2A}.Release|x86.Build.0 = Release|Any CPU
	EndGlobalSection
	GlobalSection(SolutionProperties) = preSolution
		HideSolutionNode = FALSE
	EndGlobalSection
EndGlobal
